
Microsoft Visual Studio Solution File, Format Version 12.00
# Visual Studio Version 16
VisualStudioVersion = 16.0.31005.135
MinimumVisualStudioVersion = 10.0.40219.1
Project("{FAE04EC0-301F-11D3-BF4B-00C04F79EFBC}") = "1035_TesteDeSelecao1", "1035_TesteDeSelecao1\1035_TesteDeSelecao1.csproj", "{9CD6B84F-6915-43CC-920A-B9AAB60AB655}"
EndProject
Global
	GlobalSection(SolutionConfigurationPlatforms) = preSolution
		Debug|Any CPU = Debug|Any CPU
		Release|Any CPU = Release|Any CPU
	EndGlobalSection
	GlobalSection(ProjectConfigurationPlatforms) = postSolution
		{9CD6B84F-6915-43CC-920A-B9AAB60AB655}.Debug|Any CPU.ActiveCfg = Debug|Any CPU
		{9CD6B84F-6915-43CC-920A-B9AAB60AB655}.Debug|Any CPU.Build.0 = Debug|Any CPU
		{9CD6B84F-6915-43CC-920A-B9AAB60AB655}.Release|Any CPU.ActiveCfg = Release|Any CPU
		{9CD6B84F-6915-43CC-920A-B9AAB60AB655}.Release|Any CPU.Build.0 = Release|Any CPU
	EndGlobalSection
	GlobalSection(SolutionProperties) = preSolution
		HideSolutionNode = FALSE
	EndGlobalSection
	GlobalSection(ExtensibilityGlobals) = postSolution
		SolutionGuid = {28D1F5B1-8504-47A1-A945-538D8EDDCB31}
	EndGlobalSection
EndGlobal
