
Microsoft Visual Studio Solution File, Format Version 12.00
# Visual Studio Version 16
VisualStudioVersion = 16.0.31005.135
MinimumVisualStudioVersion = 10.0.40219.1
Project("{FAE04EC0-301F-11D3-BF4B-00C04F79EFBC}") = "1014_Consumo", "1014_Consumo\1014_Consumo.csproj", "{F38FE64E-4238-4D27-B327-B641AA37A7D4}"
EndProject
Global
	GlobalSection(SolutionConfigurationPlatforms) = preSolution
		Debug|Any CPU = Debug|Any CPU
		Release|Any CPU = Release|Any CPU
	EndGlobalSection
	GlobalSection(ProjectConfigurationPlatforms) = postSolution
		{F38FE64E-4238-4D27-B327-B641AA37A7D4}.Debug|Any CPU.ActiveCfg = Debug|Any CPU
		{F38FE64E-4238-4D27-B327-B641AA37A7D4}.Debug|Any CPU.Build.0 = Debug|Any CPU
		{F38FE64E-4238-4D27-B327-B641AA37A7D4}.Release|Any CPU.ActiveCfg = Release|Any CPU
		{F38FE64E-4238-4D27-B327-B641AA37A7D4}.Release|Any CPU.Build.0 = Release|Any CPU
	EndGlobalSection
	GlobalSection(SolutionProperties) = preSolution
		HideSolutionNode = FALSE
	EndGlobalSection
	GlobalSection(ExtensibilityGlobals) = postSolution
		SolutionGuid = {AD0A6D90-873E-43D0-9A39-C3AF2005CBDF}
	EndGlobalSection
EndGlobal
