
Microsoft Visual Studio Solution File, Format Version 12.00
# Visual Studio Version 16
VisualStudioVersion = 16.0.31005.135
MinimumVisualStudioVersion = 10.0.40219.1
Project("{FAE04EC0-301F-11D3-BF4B-00C04F79EFBC}") = "1004_ProdutoSimples", "1004_ProdutoSimples\1004_ProdutoSimples.csproj", "{6BBE2F7A-B4DA-4456-A233-D2B67C393485}"
EndProject
Global
	GlobalSection(SolutionConfigurationPlatforms) = preSolution
		Debug|Any CPU = Debug|Any CPU
		Release|Any CPU = Release|Any CPU
	EndGlobalSection
	GlobalSection(ProjectConfigurationPlatforms) = postSolution
		{6BBE2F7A-B4DA-4456-A233-D2B67C393485}.Debug|Any CPU.ActiveCfg = Debug|Any CPU
		{6BBE2F7A-B4DA-4456-A233-D2B67C393485}.Debug|Any CPU.Build.0 = Debug|Any CPU
		{6BBE2F7A-B4DA-4456-A233-D2B67C393485}.Release|Any CPU.ActiveCfg = Release|Any CPU
		{6BBE2F7A-B4DA-4456-A233-D2B67C393485}.Release|Any CPU.Build.0 = Release|Any CPU
	EndGlobalSection
	GlobalSection(SolutionProperties) = preSolution
		HideSolutionNode = FALSE
	EndGlobalSection
	GlobalSection(ExtensibilityGlobals) = postSolution
		SolutionGuid = {178DB173-ED6B-431F-8B05-9CD928D5AC88}
	EndGlobalSection
EndGlobal
