
Microsoft Visual Studio Solution File, Format Version 12.00
# Visual Studio Version 16
VisualStudioVersion = 16.0.31005.135
MinimumVisualStudioVersion = 10.0.40219.1
Project("{FAE04EC0-301F-11D3-BF4B-00C04F79EFBC}") = "1001_ExtremamenteBasico", "1001_ExtremamenteBasico\1001_ExtremamenteBasico.csproj", "{E4B9B30C-AA26-48DF-B33D-98546B88A652}"
EndProject
Global
	GlobalSection(SolutionConfigurationPlatforms) = preSolution
		Debug|Any CPU = Debug|Any CPU
		Release|Any CPU = Release|Any CPU
	EndGlobalSection
	GlobalSection(ProjectConfigurationPlatforms) = postSolution
		{E4B9B30C-AA26-48DF-B33D-98546B88A652}.Debug|Any CPU.ActiveCfg = Debug|Any CPU
		{E4B9B30C-AA26-48DF-B33D-98546B88A652}.Debug|Any CPU.Build.0 = Debug|Any CPU
		{E4B9B30C-AA26-48DF-B33D-98546B88A652}.Release|Any CPU.ActiveCfg = Release|Any CPU
		{E4B9B30C-AA26-48DF-B33D-98546B88A652}.Release|Any CPU.Build.0 = Release|Any CPU
	EndGlobalSection
	GlobalSection(SolutionProperties) = preSolution
		HideSolutionNode = FALSE
	EndGlobalSection
	GlobalSection(ExtensibilityGlobals) = postSolution
		SolutionGuid = {3EC3C43A-EFBA-474A-B843-26C2070145AB}
	EndGlobalSection
EndGlobal
