
Microsoft Visual Studio Solution File, Format Version 12.00
# Visual Studio Version 16
VisualStudioVersion = 16.0.31005.135
MinimumVisualStudioVersion = 10.0.40219.1
Project("{FAE04EC0-301F-11D3-BF4B-00C04F79EFBC}") = "1008_Salario", "1008_Salario\1008_Salario.csproj", "{0E41ED42-897E-4CF0-9F54-A13D23A29047}"
EndProject
Global
	GlobalSection(SolutionConfigurationPlatforms) = preSolution
		Debug|Any CPU = Debug|Any CPU
		Release|Any CPU = Release|Any CPU
	EndGlobalSection
	GlobalSection(ProjectConfigurationPlatforms) = postSolution
		{0E41ED42-897E-4CF0-9F54-A13D23A29047}.Debug|Any CPU.ActiveCfg = Debug|Any CPU
		{0E41ED42-897E-4CF0-9F54-A13D23A29047}.Debug|Any CPU.Build.0 = Debug|Any CPU
		{0E41ED42-897E-4CF0-9F54-A13D23A29047}.Release|Any CPU.ActiveCfg = Release|Any CPU
		{0E41ED42-897E-4CF0-9F54-A13D23A29047}.Release|Any CPU.Build.0 = Release|Any CPU
	EndGlobalSection
	GlobalSection(SolutionProperties) = preSolution
		HideSolutionNode = FALSE
	EndGlobalSection
	GlobalSection(ExtensibilityGlobals) = postSolution
		SolutionGuid = {C965BD9B-9E83-4612-AB47-09C13D5C28CC}
	EndGlobalSection
EndGlobal
