
Microsoft Visual Studio Solution File, Format Version 12.00
# Visual Studio Version 16
VisualStudioVersion = 16.0.31005.135
MinimumVisualStudioVersion = 10.0.40219.1
Project("{FAE04EC0-301F-11D3-BF4B-00C04F79EFBC}") = "1046_TempoDeJogo", "1046_TempoDeJogo\1046_TempoDeJogo.csproj", "{CB596C7F-B53C-4449-8A0C-5990BB3284B8}"
EndProject
Global
	GlobalSection(SolutionConfigurationPlatforms) = preSolution
		Debug|Any CPU = Debug|Any CPU
		Release|Any CPU = Release|Any CPU
	EndGlobalSection
	GlobalSection(ProjectConfigurationPlatforms) = postSolution
		{CB596C7F-B53C-4449-8A0C-5990BB3284B8}.Debug|Any CPU.ActiveCfg = Debug|Any CPU
		{CB596C7F-B53C-4449-8A0C-5990BB3284B8}.Debug|Any CPU.Build.0 = Debug|Any CPU
		{CB596C7F-B53C-4449-8A0C-5990BB3284B8}.Release|Any CPU.ActiveCfg = Release|Any CPU
		{CB596C7F-B53C-4449-8A0C-5990BB3284B8}.Release|Any CPU.Build.0 = Release|Any CPU
	EndGlobalSection
	GlobalSection(SolutionProperties) = preSolution
		HideSolutionNode = FALSE
	EndGlobalSection
	GlobalSection(ExtensibilityGlobals) = postSolution
		SolutionGuid = {DB851C2F-B674-4679-864F-F3CEBE561685}
	EndGlobalSection
EndGlobal
