
Microsoft Visual Studio Solution File, Format Version 12.00
# Visual Studio Version 16
VisualStudioVersion = 16.0.31005.135
MinimumVisualStudioVersion = 10.0.40219.1
Project("{FAE04EC0-301F-11D3-BF4B-00C04F79EFBC}") = "1061_TempoDeUmEvento", "1061_TempoDeUmEvento\1061_TempoDeUmEvento.csproj", "{0D36F208-6C70-4F88-9856-48F54DA3D456}"
EndProject
Global
	GlobalSection(SolutionConfigurationPlatforms) = preSolution
		Debug|Any CPU = Debug|Any CPU
		Release|Any CPU = Release|Any CPU
	EndGlobalSection
	GlobalSection(ProjectConfigurationPlatforms) = postSolution
		{0D36F208-6C70-4F88-9856-48F54DA3D456}.Debug|Any CPU.ActiveCfg = Debug|Any CPU
		{0D36F208-6C70-4F88-9856-48F54DA3D456}.Debug|Any CPU.Build.0 = Debug|Any CPU
		{0D36F208-6C70-4F88-9856-48F54DA3D456}.Release|Any CPU.ActiveCfg = Release|Any CPU
		{0D36F208-6C70-4F88-9856-48F54DA3D456}.Release|Any CPU.Build.0 = Release|Any CPU
	EndGlobalSection
	GlobalSection(SolutionProperties) = preSolution
		HideSolutionNode = FALSE
	EndGlobalSection
	GlobalSection(ExtensibilityGlobals) = postSolution
		SolutionGuid = {DAC74917-1000-4A33-B5AE-2A765ABA7A1A}
	EndGlobalSection
EndGlobal
