
Microsoft Visual Studio Solution File, Format Version 12.00
# Visual Studio Version 16
VisualStudioVersion = 16.0.31005.135
MinimumVisualStudioVersion = 10.0.40219.1
Project("{FAE04EC0-301F-11D3-BF4B-00C04F79EFBC}") = "1015_DistanciaEntreDoisPontos", "1015_DistanciaEntreDoisPontos\1015_DistanciaEntreDoisPontos.csproj", "{F3A8ED90-2B23-461A-AD1E-AFFB727230BE}"
EndProject
Global
	GlobalSection(SolutionConfigurationPlatforms) = preSolution
		Debug|Any CPU = Debug|Any CPU
		Release|Any CPU = Release|Any CPU
	EndGlobalSection
	GlobalSection(ProjectConfigurationPlatforms) = postSolution
		{F3A8ED90-2B23-461A-AD1E-AFFB727230BE}.Debug|Any CPU.ActiveCfg = Debug|Any CPU
		{F3A8ED90-2B23-461A-AD1E-AFFB727230BE}.Debug|Any CPU.Build.0 = Debug|Any CPU
		{F3A8ED90-2B23-461A-AD1E-AFFB727230BE}.Release|Any CPU.ActiveCfg = Release|Any CPU
		{F3A8ED90-2B23-461A-AD1E-AFFB727230BE}.Release|Any CPU.Build.0 = Release|Any CPU
	EndGlobalSection
	GlobalSection(SolutionProperties) = preSolution
		HideSolutionNode = FALSE
	EndGlobalSection
	GlobalSection(ExtensibilityGlobals) = postSolution
		SolutionGuid = {C5040CA5-908E-4D81-B8F8-667ED816A866}
	EndGlobalSection
EndGlobal
