
Microsoft Visual Studio Solution File, Format Version 12.00
# Visual Studio Version 16
VisualStudioVersion = 16.0.31005.135
MinimumVisualStudioVersion = 10.0.40219.1
Project("{FAE04EC0-301F-11D3-BF4B-00C04F79EFBC}") = "1036_FormulaDeBaskara", "1036_FormulaDeBaskara\1036_FormulaDeBaskara.csproj", "{94976085-E2D5-400A-A8F1-037E2C76424D}"
EndProject
Global
	GlobalSection(SolutionConfigurationPlatforms) = preSolution
		Debug|Any CPU = Debug|Any CPU
		Release|Any CPU = Release|Any CPU
	EndGlobalSection
	GlobalSection(ProjectConfigurationPlatforms) = postSolution
		{94976085-E2D5-400A-A8F1-037E2C76424D}.Debug|Any CPU.ActiveCfg = Debug|Any CPU
		{94976085-E2D5-400A-A8F1-037E2C76424D}.Debug|Any CPU.Build.0 = Debug|Any CPU
		{94976085-E2D5-400A-A8F1-037E2C76424D}.Release|Any CPU.ActiveCfg = Release|Any CPU
		{94976085-E2D5-400A-A8F1-037E2C76424D}.Release|Any CPU.Build.0 = Release|Any CPU
	EndGlobalSection
	GlobalSection(SolutionProperties) = preSolution
		HideSolutionNode = FALSE
	EndGlobalSection
	GlobalSection(ExtensibilityGlobals) = postSolution
		SolutionGuid = {C8E7622F-6125-4FA6-9C50-E517437B9A01}
	EndGlobalSection
EndGlobal
